
Microsoft Visual Studio Solution File, Format Version 12.00
# Visual Studio Version 17
VisualStudioVersion = 17.5.33516.290
MinimumVisualStudioVersion = 10.0.40219.1
Project("{FAE04EC0-301F-11D3-BF4B-00C04F79EFBC}") = "MidTerm_Project124", "MidTerm_Project124.csproj", "{32C7E8EC-F1A7-4C5C-B993-B00EFAAAC8D5}"
EndProject
Global
	GlobalSection(SolutionConfigurationPlatforms) = preSolution
		Debug|Any CPU = Debug|Any CPU
		Release|Any CPU = Release|Any CPU
	EndGlobalSection
	GlobalSection(ProjectConfigurationPlatforms) = postSolution
		{32C7E8EC-F1A7-4C5C-B993-B00EFAAAC8D5}.Debug|Any CPU.ActiveCfg = Debug|Any CPU
		{32C7E8EC-F1A7-4C5C-B993-B00EFAAAC8D5}.Debug|Any CPU.Build.0 = Debug|Any CPU
		{32C7E8EC-F1A7-4C5C-B993-B00EFAAAC8D5}.Release|Any CPU.ActiveCfg = Release|Any CPU
		{32C7E8EC-F1A7-4C5C-B993-B00EFAAAC8D5}.Release|Any CPU.Build.0 = Release|Any CPU
	EndGlobalSection
	GlobalSection(SolutionProperties) = preSolution
		HideSolutionNode = FALSE
	EndGlobalSection
	GlobalSection(ExtensibilityGlobals) = postSolution
		SolutionGuid = {5AE81D6F-AD66-431A-8FF0-68D2AFC723E7}
	EndGlobalSection
EndGlobal
